
Microsoft Visual Studio Solution File, Format Version 12.00
# Visual Studio 15
VisualStudioVersion = 15.0.28010.0
MinimumVisualStudioVersion = 10.0.40219.1
Project("{FAE04EC0-301F-11D3-BF4B-00C04F79EFBC}") = "CreateClass", "CreateClass.csproj", "{27F0F1C1-2031-44FE-9ECF-1F5CDA5F7682}"
EndProject
Project("{FAE04EC0-301F-11D3-BF4B-00C04F79EFBC}") = "TimerEvents", "..\TimerEvents\TimerEvents.csproj", "{5F1A47F6-03C1-4245-9C24-0EA1CA8A173E}"
EndProject
Project("{FAE04EC0-301F-11D3-BF4B-00C04F79EFBC}") = "SortString", "SortString\SortString.csproj", "{550DA8B2-D0B4-4FE8-A09A-CADFF880AC1D}"
EndProject
Global
	GlobalSection(SolutionConfigurationPlatforms) = preSolution
		Debug|Any CPU = Debug|Any CPU
		Release|Any CPU = Release|Any CPU
	EndGlobalSection
	GlobalSection(ProjectConfigurationPlatforms) = postSolution
		{27F0F1C1-2031-44FE-9ECF-1F5CDA5F7682}.Debug|Any CPU.ActiveCfg = Debug|Any CPU
		{27F0F1C1-2031-44FE-9ECF-1F5CDA5F7682}.Debug|Any CPU.Build.0 = Debug|Any CPU
		{27F0F1C1-2031-44FE-9ECF-1F5CDA5F7682}.Release|Any CPU.ActiveCfg = Release|Any CPU
		{27F0F1C1-2031-44FE-9ECF-1F5CDA5F7682}.Release|Any CPU.Build.0 = Release|Any CPU
		{5F1A47F6-03C1-4245-9C24-0EA1CA8A173E}.Debug|Any CPU.ActiveCfg = Debug|Any CPU
		{5F1A47F6-03C1-4245-9C24-0EA1CA8A173E}.Debug|Any CPU.Build.0 = Debug|Any CPU
		{5F1A47F6-03C1-4245-9C24-0EA1CA8A173E}.Release|Any CPU.ActiveCfg = Release|Any CPU
		{5F1A47F6-03C1-4245-9C24-0EA1CA8A173E}.Release|Any CPU.Build.0 = Release|Any CPU
		{550DA8B2-D0B4-4FE8-A09A-CADFF880AC1D}.Debug|Any CPU.ActiveCfg = Debug|Any CPU
		{550DA8B2-D0B4-4FE8-A09A-CADFF880AC1D}.Debug|Any CPU.Build.0 = Debug|Any CPU
		{550DA8B2-D0B4-4FE8-A09A-CADFF880AC1D}.Release|Any CPU.ActiveCfg = Release|Any CPU
		{550DA8B2-D0B4-4FE8-A09A-CADFF880AC1D}.Release|Any CPU.Build.0 = Release|Any CPU
	EndGlobalSection
	GlobalSection(SolutionProperties) = preSolution
		HideSolutionNode = FALSE
	EndGlobalSection
	GlobalSection(ExtensibilityGlobals) = postSolution
		SolutionGuid = {5AF1D31D-EEA5-4732-9891-CF993EC68B41}
	EndGlobalSection
EndGlobal
